Microsoft Visual Studio Solution File, Format Version 12.00
# Visual Studio Version 16
VisualStudioVersion = 16.0.29424.173
MinimumVisualStudioVersion = 10.0.40219.1
Project("{FAE04EC0-301F-11D3-BF4B-00C04F79EFBC}") = "InsuranceSales.Android", "InsuranceSales.Android\InsuranceSales.Android.csproj", "{7CD7A18B-B1DD-47CF-A7DC-3C2725EDABD7}"
EndProject
Project("{FAE04EC0-301F-11D3-BF4B-00C04F79EFBC}") = "InsuranceSales.iOS", "InsuranceSales.iOS\InsuranceSales.iOS.csproj", "{AF32B1FB-AEA6-44B6-81F8-2D62B120A072}"
EndProject
Project("{9A19103F-16F7-4668-BE54-9A1E7A4F7556}") = "InsuranceSales", "InsuranceSales\InsuranceSales.csproj", "{D6B06868-1EBC-4A98-94E3-0EF1E57423C3}"
EndProject
Project("{2150E333-8FDC-42A3-9474-1A3956D46DE8}") = "Tests", "Tests", "{09141484-4E16-46C2-BD8E-6442975DAABE}"
EndProject
Project("{9A19103F-16F7-4668-BE54-9A1E7A4F7556}") = "InsuranceSales.UnitTests", "Tests\InsuranceSales.UnitTests\InsuranceSales.UnitTests.csproj", "{874E0C0A-9D3A-415E-92A3-AEE8FC392B37}"
EndProject
Project("{2150E333-8FDC-42A3-9474-1A3956D46DE8}") = "Clients", "Clients", "{93501DF4-47D6-454D-890D-C08909753782}"
EndProject
Project("{FAE04EC0-301F-11D3-BF4B-00C04F79EFBC}") = "InsuranceSales.i18n", "InsuranceSales.i18n\InsuranceSales.i18n.csproj", "{1FE08718-0A57-4280-856C-544E16E57D19}"
EndProject
Global
	GlobalSection(SolutionConfigurationPlatforms) = preSolution
		Debug|Any CPU = Debug|Any CPU
		Debug|iPhone = Debug|iPhone
		Debug|iPhoneSimulator = Debug|iPhoneSimulator
		Release|Any CPU = Release|Any CPU
		Release|iPhone = Release|iPhone
		Release|iPhoneSimulator = Release|iPhoneSimulator
	EndGlobalSection
	GlobalSection(ProjectConfigurationPlatforms) = postSolution
		{7CD7A18B-B1DD-47CF-A7DC-3C2725EDABD7}.Debug|Any CPU.ActiveCfg = Debug|Any CPU
		{7CD7A18B-B1DD-47CF-A7DC-3C2725EDABD7}.Debug|Any CPU.Build.0 = Debug|Any CPU
		{7CD7A18B-B1DD-47CF-A7DC-3C2725EDABD7}.Debug|Any CPU.Deploy.0 = Debug|Any CPU
		{7CD7A18B-B1DD-47CF-A7DC-3C2725EDABD7}.Debug|iPhone.ActiveCfg = Debug|Any CPU
		{7CD7A18B-B1DD-47CF-A7DC-3C2725EDABD7}.Debug|iPhone.Build.0 = Debug|Any CPU
		{7CD7A18B-B1DD-47CF-A7DC-3C2725EDABD7}.Debug|iPhoneSimulator.ActiveCfg = Debug|Any CPU
		{7CD7A18B-B1DD-47CF-A7DC-3C2725EDABD7}.Debug|iPhoneSimulator.Build.0 = Debug|Any CPU
		{7CD7A18B-B1DD-47CF-A7DC-3C2725EDABD7}.Release|Any CPU.ActiveCfg = Release|Any CPU
		{7CD7A18B-B1DD-47CF-A7DC-3C2725EDABD7}.Release|Any CPU.Build.0 = Release|Any CPU
		{7CD7A18B-B1DD-47CF-A7DC-3C2725EDABD7}.Release|iPhone.ActiveCfg = Release|Any CPU
		{7CD7A18B-B1DD-47CF-A7DC-3C2725EDABD7}.Release|iPhone.Build.0 = Release|Any CPU
		{7CD7A18B-B1DD-47CF-A7DC-3C2725EDABD7}.Release|iPhoneSimulator.ActiveCfg = Release|Any CPU
		{7CD7A18B-B1DD-47CF-A7DC-3C2725EDABD7}.Release|iPhoneSimulator.Build.0 = Release|Any CPU
		{AF32B1FB-AEA6-44B6-81F8-2D62B120A072}.Debug|Any CPU.ActiveCfg = Debug|iPhoneSimulator
		{AF32B1FB-AEA6-44B6-81F8-2D62B120A072}.Debug|Any CPU.Build.0 = Debug|iPhoneSimulator
		{AF32B1FB-AEA6-44B6-81F8-2D62B120A072}.Debug|iPhone.ActiveCfg = Debug|iPhone
		{AF32B1FB-AEA6-44B6-81F8-2D62B120A072}.Debug|iPhone.Build.0 = Debug|iPhone
		{AF32B1FB-AEA6-44B6-81F8-2D62B120A072}.Debug|iPhoneSimulator.ActiveCfg = Debug|iPhoneSimulator
		{AF32B1FB-AEA6-44B6-81F8-2D62B120A072}.Debug|iPhoneSimulator.Build.0 = Debug|iPhoneSimulator
		{AF32B1FB-AEA6-44B6-81F8-2D62B120A072}.Release|Any CPU.ActiveCfg = Release|iPhoneSimulator
		{AF32B1FB-AEA6-44B6-81F8-2D62B120A072}.Release|Any CPU.Build.0 = Release|iPhoneSimulator
		{AF32B1FB-AEA6-44B6-81F8-2D62B120A072}.Release|iPhone.ActiveCfg = Release|iPhone
		{AF32B1FB-AEA6-44B6-81F8-2D62B120A072}.Release|iPhone.Build.0 = Release|iPhone
		{AF32B1FB-AEA6-44B6-81F8-2D62B120A072}.Release|iPhoneSimulator.ActiveCfg = Release|iPhoneSimulator
		{AF32B1FB-AEA6-44B6-81F8-2D62B120A072}.Release|iPhoneSimulator.Build.0 = Release|iPhoneSimulator
		{D6B06868-1EBC-4A98-94E3-0EF1E57423C3}.Debug|Any CPU.ActiveCfg = Debug|Any CPU
		{D6B06868-1EBC-4A98-94E3-0EF1E57423C3}.Debug|Any CPU.Build.0 = Debug|Any CPU
		{D6B06868-1EBC-4A98-94E3-0EF1E57423C3}.Debug|iPhone.ActiveCfg = Debug|Any CPU
		{D6B06868-1EBC-4A98-94E3-0EF1E57423C3}.Debug|iPhone.Build.0 = Debug|Any CPU
		{D6B06868-1EBC-4A98-94E3-0EF1E57423C3}.Debug|iPhoneSimulator.ActiveCfg = Debug|Any CPU
		{D6B06868-1EBC-4A98-94E3-0EF1E57423C3}.Debug|iPhoneSimulator.Build.0 = Debug|Any CPU
		{D6B06868-1EBC-4A98-94E3-0EF1E57423C3}.Release|Any CPU.ActiveCfg = Release|Any CPU
		{D6B06868-1EBC-4A98-94E3-0EF1E57423C3}.Release|Any CPU.Build.0 = Release|Any CPU
		{D6B06868-1EBC-4A98-94E3-0EF1E57423C3}.Release|iPhone.ActiveCfg = Release|Any CPU
		{D6B06868-1EBC-4A98-94E3-0EF1E57423C3}.Release|iPhone.Build.0 = Release|Any CPU
		{D6B06868-1EBC-4A98-94E3-0EF1E57423C3}.Release|iPhoneSimulator.ActiveCfg = Release|Any CPU
		{D6B06868-1EBC-4A98-94E3-0EF1E57423C3}.Release|iPhoneSimulator.Build.0 = Release|Any CPU
		{874E0C0A-9D3A-415E-92A3-AEE8FC392B37}.Debug|Any CPU.ActiveCfg = Debug|Any CPU
		{874E0C0A-9D3A-415E-92A3-AEE8FC392B37}.Debug|Any CPU.Build.0 = Debug|Any CPU
		{874E0C0A-9D3A-415E-92A3-AEE8FC392B37}.Debug|iPhone.ActiveCfg = Debug|Any CPU
		{874E0C0A-9D3A-415E-92A3-AEE8FC392B37}.Debug|iPhone.Build.0 = Debug|Any CPU
		{874E0C0A-9D3A-415E-92A3-AEE8FC392B37}.Debug|iPhoneSimulator.ActiveCfg = Debug|Any CPU
		{874E0C0A-9D3A-415E-92A3-AEE8FC392B37}.Debug|iPhoneSimulator.Build.0 = Debug|Any CPU
		{874E0C0A-9D3A-415E-92A3-AEE8FC392B37}.Release|Any CPU.ActiveCfg = Release|Any CPU
		{874E0C0A-9D3A-415E-92A3-AEE8FC392B37}.Release|Any CPU.Build.0 = Release|Any CPU
		{874E0C0A-9D3A-415E-92A3-AEE8FC392B37}.Release|iPhone.ActiveCfg = Release|Any CPU
		{874E0C0A-9D3A-415E-92A3-AEE8FC392B37}.Release|iPhone.Build.0 = Release|Any CPU
		{874E0C0A-9D3A-415E-92A3-AEE8FC392B37}.Release|iPhoneSimulator.ActiveCfg = Release|Any CPU
		{874E0C0A-9D3A-415E-92A3-AEE8FC392B37}.Release|iPhoneSimulator.Build.0 = Release|Any CPU
		{1FE08718-0A57-4280-856C-544E16E57D19}.Debug|Any CPU.ActiveCfg = Debug|Any CPU
		{1FE08718-0A57-4280-856C-544E16E57D19}.Debug|Any CPU.Build.0 = Debug|Any CPU
		{1FE08718-0A57-4280-856C-544E16E57D19}.Debug|iPhone.ActiveCfg = Debug|Any CPU
		{1FE08718-0A57-4280-856C-544E16E57D19}.Debug|iPhone.Build.0 = Debug|Any CPU
		{1FE08718-0A57-4280-856C-544E16E57D19}.Debug|iPhoneSimulator.ActiveCfg = Debug|Any CPU
		{1FE08718-0A57-4280-856C-544E16E57D19}.Debug|iPhoneSimulator.Build.0 = Debug|Any CPU
		{1FE08718-0A57-4280-856C-544E16E57D19}.Release|Any CPU.ActiveCfg = Release|Any CPU
		{1FE08718-0A57-4280-856C-544E16E57D19}.Release|Any CPU.Build.0 = Release|Any CPU
		{1FE08718-0A57-4280-856C-544E16E57D19}.Release|iPhone.ActiveCfg = Release|Any CPU
		{1FE08718-0A57-4280-856C-544E16E57D19}.Release|iPhone.Build.0 = Release|Any CPU
		{1FE08718-0A57-4280-856C-544E16E57D19}.Release|iPhoneSimulator.ActiveCfg = Release|Any CPU
		{1FE08718-0A57-4280-856C-544E16E57D19}.Release|iPhoneSimulator.Build.0 = Release|Any CPU
	EndGlobalSection
	GlobalSection(SolutionProperties) = preSolution
		HideSolutionNode = FALSE
	EndGlobalSection
	GlobalSection(NestedProjects) = preSolution
		{7CD7A18B-B1DD-47CF-A7DC-3C2725EDABD7} = {93501DF4-47D6-454D-890D-C08909753782}
		{AF32B1FB-AEA6-44B6-81F8-2D62B120A072} = {93501DF4-47D6-454D-890D-C08909753782}
		{874E0C0A-9D3A-415E-92A3-AEE8FC392B37} = {09141484-4E16-46C2-BD8E-6442975DAABE}
	EndGlobalSection
	GlobalSection(ExtensibilityGlobals) = postSolution
		SolutionGuid = {AF18A746-F674-425D-AE19-9D7944068F16}
	EndGlobalSection
EndGlobal
